
Microsoft Visual Studio Solution File, Format Version 12.00
# Visual Studio Version 17
VisualStudioVersion = 17.3.32929.385
MinimumVisualStudioVersion = 10.0.40219.1
Project("{2150E333-8FDC-42A3-9474-1A3956D46DE8}") = "1.UI", "1.UI", "{A63DE393-C64D-4E86-9E83-6F8FA788F9DF}"
EndProject
Project("{2150E333-8FDC-42A3-9474-1A3956D46DE8}") = "2. Application", "2. Application", "{1980187D-666E-4242-8488-1F6F1712A74F}"
EndProject
Project("{2150E333-8FDC-42A3-9474-1A3956D46DE8}") = "3. Domain", "3. Domain", "{BD94D18B-ACDF-4659-80FE-95E61850E4CC}"
EndProject
Project("{2150E333-8FDC-42A3-9474-1A3956D46DE8}") = "4. Services", "4. Services", "{A01CFF16-82C6-4076-9CF1-27B9682451BE}"
EndProject
Project("{2150E333-8FDC-42A3-9474-1A3956D46DE8}") = "5. Data", "5. Data", "{2F52FDC0-AB3B-4D61-A74B-E401CBA2A96B}"
EndProject
Project("{9A19103F-16F7-4668-BE54-9A1E7A4F7556}") = "ChatRoomWithBot.Data", "src\Data\ChatRoomWithBot.Data\ChatRoomWithBot.Data.csproj", "{2EB6BC03-BB22-4D5E-808E-7459E7781C4E}"
EndProject
Project("{9A19103F-16F7-4668-BE54-9A1E7A4F7556}") = "ChatRoomWithBot.Domain", "src\Domain\ChatRoomWithBot.Domain\ChatRoomWithBot.Domain.csproj", "{E2180E9B-ACF0-4E39-BC6E-24C4826E6A0A}"
EndProject
Project("{9A19103F-16F7-4668-BE54-9A1E7A4F7556}") = "ChatRoomWithBot.UI.MVC", "src\UI\ChatRoomWithBot.UI.MVC\ChatRoomWithBot.UI.MVC.csproj", "{FC6A5E9D-B303-4F96-B078-D6B15636780A}"
EndProject
Project("{9A19103F-16F7-4668-BE54-9A1E7A4F7556}") = "ChatRoomWithBot.Application", "src\Application\ChatRoomWithBot.Application\ChatRoomWithBot.Application.csproj", "{8DC8F619-CF40-4DA9-A075-BBB38F802D23}"
EndProject
Project("{9A19103F-16F7-4668-BE54-9A1E7A4F7556}") = "ChatRoomWithBot.Services.BerechitLogger", "src\Services\ChatRoomWithBot.Services.BerechitLogger\ChatRoomWithBot.Services.BerechitLogger.csproj", "{ACBCEDB6-41FD-4C24-8D7D-A4C68485B334}"
EndProject
Project("{FAE04EC0-301F-11D3-BF4B-00C04F79EFBC}") = "ChatRoomWithBot.Infra.HttpRequest.Infra.HttpRequest", "src\Infra\ChatRoomWithBot.Infra.HttpRequest\ChatRoomWithBot.Infra.HttpRequest.Infra.HttpRequest.csproj", "{9561B313-D7D9-4DA1-AF46-34129382BAF7}"
EndProject
Project("{FAE04EC0-301F-11D3-BF4B-00C04F79EFBC}") = "ChatRoomWithBot.Services.RabbitMq", "src\Services\ChatRoomWithBot.Services.RabbitMq\ChatRoomWithBot.Services.RabbitMq.csproj", "{E3CF9AC2-2732-4685-9E71-5B5D35D97306}"
EndProject
Project("{2150E333-8FDC-42A3-9474-1A3956D46DE8}") = "6.Infra", "6.Infra", "{0C84B024-CBE6-42D6-9C37-F983D112841D}"
EndProject
Project("{2150E333-8FDC-42A3-9474-1A3956D46DE8}") = "7. Tests", "7. Tests", "{053EAFA1-B0B9-497F-A24B-46A4274E5B42}"
EndProject
Project("{FAE04EC0-301F-11D3-BF4B-00C04F79EFBC}") = "ChatRoomWithBot.Data.Test", "tests\ChatRoomWithBot.Data.Test\ChatRoomWithBot.Data.Test.csproj", "{0B3A9A3B-F238-4C96-8613-A19D71FA1675}"
EndProject
Project("{FAE04EC0-301F-11D3-BF4B-00C04F79EFBC}") = "ChatRoomWithBot.Domain.Test", "tests\ChatRoomWithBot.Domain.Test\ChatRoomWithBot.Domain.Test.csproj", "{A30B7FC4-54B1-4D57-B9D1-D685E4271372}"
EndProject
Global
	GlobalSection(SolutionConfigurationPlatforms) = preSolution
		Debug|Any CPU = Debug|Any CPU
		Release|Any CPU = Release|Any CPU
	EndGlobalSection
	GlobalSection(ProjectConfigurationPlatforms) = postSolution
		{2EB6BC03-BB22-4D5E-808E-7459E7781C4E}.Debug|Any CPU.ActiveCfg = Debug|Any CPU
		{2EB6BC03-BB22-4D5E-808E-7459E7781C4E}.Debug|Any CPU.Build.0 = Debug|Any CPU
		{2EB6BC03-BB22-4D5E-808E-7459E7781C4E}.Release|Any CPU.ActiveCfg = Release|Any CPU
		{2EB6BC03-BB22-4D5E-808E-7459E7781C4E}.Release|Any CPU.Build.0 = Release|Any CPU
		{E2180E9B-ACF0-4E39-BC6E-24C4826E6A0A}.Debug|Any CPU.ActiveCfg = Debug|Any CPU
		{E2180E9B-ACF0-4E39-BC6E-24C4826E6A0A}.Debug|Any CPU.Build.0 = Debug|Any CPU
		{E2180E9B-ACF0-4E39-BC6E-24C4826E6A0A}.Release|Any CPU.ActiveCfg = Release|Any CPU
		{E2180E9B-ACF0-4E39-BC6E-24C4826E6A0A}.Release|Any CPU.Build.0 = Release|Any CPU
		{FC6A5E9D-B303-4F96-B078-D6B15636780A}.Debug|Any CPU.ActiveCfg = Debug|Any CPU
		{FC6A5E9D-B303-4F96-B078-D6B15636780A}.Debug|Any CPU.Build.0 = Debug|Any CPU
		{FC6A5E9D-B303-4F96-B078-D6B15636780A}.Release|Any CPU.ActiveCfg = Release|Any CPU
		{FC6A5E9D-B303-4F96-B078-D6B15636780A}.Release|Any CPU.Build.0 = Release|Any CPU
		{8DC8F619-CF40-4DA9-A075-BBB38F802D23}.Debug|Any CPU.ActiveCfg = Debug|Any CPU
		{8DC8F619-CF40-4DA9-A075-BBB38F802D23}.Debug|Any CPU.Build.0 = Debug|Any CPU
		{8DC8F619-CF40-4DA9-A075-BBB38F802D23}.Release|Any CPU.ActiveCfg = Release|Any CPU
		{8DC8F619-CF40-4DA9-A075-BBB38F802D23}.Release|Any CPU.Build.0 = Release|Any CPU
		{ACBCEDB6-41FD-4C24-8D7D-A4C68485B334}.Debug|Any CPU.ActiveCfg = Debug|Any CPU
		{ACBCEDB6-41FD-4C24-8D7D-A4C68485B334}.Debug|Any CPU.Build.0 = Debug|Any CPU
		{ACBCEDB6-41FD-4C24-8D7D-A4C68485B334}.Release|Any CPU.ActiveCfg = Release|Any CPU
		{ACBCEDB6-41FD-4C24-8D7D-A4C68485B334}.Release|Any CPU.Build.0 = Release|Any CPU
		{9561B313-D7D9-4DA1-AF46-34129382BAF7}.Debug|Any CPU.ActiveCfg = Debug|Any CPU
		{9561B313-D7D9-4DA1-AF46-34129382BAF7}.Debug|Any CPU.Build.0 = Debug|Any CPU
		{9561B313-D7D9-4DA1-AF46-34129382BAF7}.Release|Any CPU.ActiveCfg = Release|Any CPU
		{9561B313-D7D9-4DA1-AF46-34129382BAF7}.Release|Any CPU.Build.0 = Release|Any CPU
		{E3CF9AC2-2732-4685-9E71-5B5D35D97306}.Debug|Any CPU.ActiveCfg = Debug|Any CPU
		{E3CF9AC2-2732-4685-9E71-5B5D35D97306}.Debug|Any CPU.Build.0 = Debug|Any CPU
		{E3CF9AC2-2732-4685-9E71-5B5D35D97306}.Release|Any CPU.ActiveCfg = Release|Any CPU
		{E3CF9AC2-2732-4685-9E71-5B5D35D97306}.Release|Any CPU.Build.0 = Release|Any CPU
		{0B3A9A3B-F238-4C96-8613-A19D71FA1675}.Debug|Any CPU.ActiveCfg = Debug|Any CPU
		{0B3A9A3B-F238-4C96-8613-A19D71FA1675}.Debug|Any CPU.Build.0 = Debug|Any CPU
		{0B3A9A3B-F238-4C96-8613-A19D71FA1675}.Release|Any CPU.ActiveCfg = Release|Any CPU
		{0B3A9A3B-F238-4C96-8613-A19D71FA1675}.Release|Any CPU.Build.0 = Release|Any CPU
		{A30B7FC4-54B1-4D57-B9D1-D685E4271372}.Debug|Any CPU.ActiveCfg = Debug|Any CPU
		{A30B7FC4-54B1-4D57-B9D1-D685E4271372}.Debug|Any CPU.Build.0 = Debug|Any CPU
		{A30B7FC4-54B1-4D57-B9D1-D685E4271372}.Release|Any CPU.ActiveCfg = Release|Any CPU
		{A30B7FC4-54B1-4D57-B9D1-D685E4271372}.Release|Any CPU.Build.0 = Release|Any CPU
	EndGlobalSection
	GlobalSection(SolutionProperties) = preSolution
		HideSolutionNode = FALSE
	EndGlobalSection
	GlobalSection(NestedProjects) = preSolution
		{2EB6BC03-BB22-4D5E-808E-7459E7781C4E} = {2F52FDC0-AB3B-4D61-A74B-E401CBA2A96B}
		{E2180E9B-ACF0-4E39-BC6E-24C4826E6A0A} = {BD94D18B-ACDF-4659-80FE-95E61850E4CC}
		{FC6A5E9D-B303-4F96-B078-D6B15636780A} = {A63DE393-C64D-4E86-9E83-6F8FA788F9DF}
		{8DC8F619-CF40-4DA9-A075-BBB38F802D23} = {1980187D-666E-4242-8488-1F6F1712A74F}
		{ACBCEDB6-41FD-4C24-8D7D-A4C68485B334} = {A01CFF16-82C6-4076-9CF1-27B9682451BE}
		{9561B313-D7D9-4DA1-AF46-34129382BAF7} = {0C84B024-CBE6-42D6-9C37-F983D112841D}
		{E3CF9AC2-2732-4685-9E71-5B5D35D97306} = {A01CFF16-82C6-4076-9CF1-27B9682451BE}
		{0B3A9A3B-F238-4C96-8613-A19D71FA1675} = {053EAFA1-B0B9-497F-A24B-46A4274E5B42}
		{A30B7FC4-54B1-4D57-B9D1-D685E4271372} = {053EAFA1-B0B9-497F-A24B-46A4274E5B42}
	EndGlobalSection
	GlobalSection(ExtensibilityGlobals) = postSolution
		SolutionGuid = {4DDB3289-2997-4250-A3EF-62CEAB97C30A}
	EndGlobalSection
EndGlobal
