
Microsoft Visual Studio Solution File, Format Version 12.00
# Visual Studio Version 17
VisualStudioVersion = 17.3.32929.385
MinimumVisualStudioVersion = 10.0.40219.1
Project("{2150E333-8FDC-42A3-9474-1A3956D46DE8}") = "1.UI", "1.UI", "{A63DE393-C64D-4E86-9E83-6F8FA788F9DF}"
EndProject
Project("{2150E333-8FDC-42A3-9474-1A3956D46DE8}") = "2. Application", "2. Application", "{1980187D-666E-4242-8488-1F6F1712A74F}"
EndProject
Project("{2150E333-8FDC-42A3-9474-1A3956D46DE8}") = "3. Domain", "3. Domain", "{BD94D18B-ACDF-4659-80FE-95E61850E4CC}"
EndProject
Project("{2150E333-8FDC-42A3-9474-1A3956D46DE8}") = "4. Services", "4. Services", "{A01CFF16-82C6-4076-9CF1-27B9682451BE}"
EndProject
Project("{2150E333-8FDC-42A3-9474-1A3956D46DE8}") = "6. Tests", "6. Tests", "{6DAC24A0-049C-4D90-BBEB-F4EEB2F4CA8F}"
EndProject
Project("{2150E333-8FDC-42A3-9474-1A3956D46DE8}") = "5. Data", "5. Data", "{2F52FDC0-AB3B-4D61-A74B-E401CBA2A96B}"
EndProject
Project("{9A19103F-16F7-4668-BE54-9A1E7A4F7556}") = "ChatRoomWithBot.Data", "src\Data\ChatRoomWithBot.Data\ChatRoomWithBot.Data.csproj", "{2EB6BC03-BB22-4D5E-808E-7459E7781C4E}"
EndProject
Project("{9A19103F-16F7-4668-BE54-9A1E7A4F7556}") = "ChatRoomWithBot.Domain", "src\Domain\ChatRoomWithBot.Domain\ChatRoomWithBot.Domain.csproj", "{E2180E9B-ACF0-4E39-BC6E-24C4826E6A0A}"
EndProject
Project("{9A19103F-16F7-4668-BE54-9A1E7A4F7556}") = "ChatRoomWithBot.Services.RabbitMq", "src\Services\ChatRoomWithBot.Services.RabbitMq\ChatRoomWithBot.Services.RabbitMq.csproj", "{2AC14041-C218-4690-9C2D-167C7CF25843}"
EndProject
Project("{9A19103F-16F7-4668-BE54-9A1E7A4F7556}") = "ChatRoomWithBot.Services.Log", "src\Services\ChatRoomWithBot.Services.Log\ChatRoomWithBot.Services.Log.csproj", "{1F6EDDBB-D730-4142-9D64-F2E3C2373752}"
EndProject
Project("{9A19103F-16F7-4668-BE54-9A1E7A4F7556}") = "ChatRoomWithBot.UI.MVC", "src\UI\ChatRoomWithBot.UI.MVC\ChatRoomWithBot.UI.MVC.csproj", "{FC6A5E9D-B303-4F96-B078-D6B15636780A}"
EndProject
Project("{9A19103F-16F7-4668-BE54-9A1E7A4F7556}") = "ChatRoomWithBot.Application", "src\Application\ChatRoomWithBot.Application\ChatRoomWithBot.Application.csproj", "{8DC8F619-CF40-4DA9-A075-BBB38F802D23}"
EndProject
Project("{9A19103F-16F7-4668-BE54-9A1E7A4F7556}") = "ChatRoomWithBot.Service.Identity", "src\Services\ChatRoomWithBot.Service.Identity\ChatRoomWithBot.Service.Identity.csproj", "{D19807D3-DCB0-4AC5-ACB4-F95FF9D13179}"
EndProject
Project("{9A19103F-16F7-4668-BE54-9A1E7A4F7556}") = "ChatRoomWithBot.Application.Test", "tests\ChatRoomWithBot.Application.Test\ChatRoomWithBot.Application.Test.csproj", "{29767674-889C-4E9D-B833-3DFC41ADDD6C}"
EndProject
Project("{9A19103F-16F7-4668-BE54-9A1E7A4F7556}") = "ChatRoomWithBot.Test.Fakers", "tests\ChatRoomWithBot.Test.Fakers\ChatRoomWithBot.Test.Fakers.csproj", "{13BAB594-E00C-498D-A06B-234B16EAC5E5}"
EndProject
Project("{FAE04EC0-301F-11D3-BF4B-00C04F79EFBC}") = "ChatRoomWithBot.Service.SignalR", "src\Services\ChatRoomWithBot.Service.SignalR\ChatRoomWithBot.Service.SignalR.csproj", "{57FD8C68-0601-42CB-B736-FC118A099482}"
EndProject
Global
	GlobalSection(SolutionConfigurationPlatforms) = preSolution
		Debug|Any CPU = Debug|Any CPU
		Release|Any CPU = Release|Any CPU
	EndGlobalSection
	GlobalSection(ProjectConfigurationPlatforms) = postSolution
		{2EB6BC03-BB22-4D5E-808E-7459E7781C4E}.Debug|Any CPU.ActiveCfg = Debug|Any CPU
		{2EB6BC03-BB22-4D5E-808E-7459E7781C4E}.Debug|Any CPU.Build.0 = Debug|Any CPU
		{2EB6BC03-BB22-4D5E-808E-7459E7781C4E}.Release|Any CPU.ActiveCfg = Release|Any CPU
		{2EB6BC03-BB22-4D5E-808E-7459E7781C4E}.Release|Any CPU.Build.0 = Release|Any CPU
		{E2180E9B-ACF0-4E39-BC6E-24C4826E6A0A}.Debug|Any CPU.ActiveCfg = Debug|Any CPU
		{E2180E9B-ACF0-4E39-BC6E-24C4826E6A0A}.Debug|Any CPU.Build.0 = Debug|Any CPU
		{E2180E9B-ACF0-4E39-BC6E-24C4826E6A0A}.Release|Any CPU.ActiveCfg = Release|Any CPU
		{E2180E9B-ACF0-4E39-BC6E-24C4826E6A0A}.Release|Any CPU.Build.0 = Release|Any CPU
		{2AC14041-C218-4690-9C2D-167C7CF25843}.Debug|Any CPU.ActiveCfg = Debug|Any CPU
		{2AC14041-C218-4690-9C2D-167C7CF25843}.Debug|Any CPU.Build.0 = Debug|Any CPU
		{2AC14041-C218-4690-9C2D-167C7CF25843}.Release|Any CPU.ActiveCfg = Release|Any CPU
		{2AC14041-C218-4690-9C2D-167C7CF25843}.Release|Any CPU.Build.0 = Release|Any CPU
		{1F6EDDBB-D730-4142-9D64-F2E3C2373752}.Debug|Any CPU.ActiveCfg = Debug|Any CPU
		{1F6EDDBB-D730-4142-9D64-F2E3C2373752}.Debug|Any CPU.Build.0 = Debug|Any CPU
		{1F6EDDBB-D730-4142-9D64-F2E3C2373752}.Release|Any CPU.ActiveCfg = Release|Any CPU
		{1F6EDDBB-D730-4142-9D64-F2E3C2373752}.Release|Any CPU.Build.0 = Release|Any CPU
		{FC6A5E9D-B303-4F96-B078-D6B15636780A}.Debug|Any CPU.ActiveCfg = Debug|Any CPU
		{FC6A5E9D-B303-4F96-B078-D6B15636780A}.Debug|Any CPU.Build.0 = Debug|Any CPU
		{FC6A5E9D-B303-4F96-B078-D6B15636780A}.Release|Any CPU.ActiveCfg = Release|Any CPU
		{FC6A5E9D-B303-4F96-B078-D6B15636780A}.Release|Any CPU.Build.0 = Release|Any CPU
		{8DC8F619-CF40-4DA9-A075-BBB38F802D23}.Debug|Any CPU.ActiveCfg = Debug|Any CPU
		{8DC8F619-CF40-4DA9-A075-BBB38F802D23}.Debug|Any CPU.Build.0 = Debug|Any CPU
		{8DC8F619-CF40-4DA9-A075-BBB38F802D23}.Release|Any CPU.ActiveCfg = Release|Any CPU
		{8DC8F619-CF40-4DA9-A075-BBB38F802D23}.Release|Any CPU.Build.0 = Release|Any CPU
		{D19807D3-DCB0-4AC5-ACB4-F95FF9D13179}.Debug|Any CPU.ActiveCfg = Debug|Any CPU
		{D19807D3-DCB0-4AC5-ACB4-F95FF9D13179}.Debug|Any CPU.Build.0 = Debug|Any CPU
		{D19807D3-DCB0-4AC5-ACB4-F95FF9D13179}.Release|Any CPU.ActiveCfg = Release|Any CPU
		{D19807D3-DCB0-4AC5-ACB4-F95FF9D13179}.Release|Any CPU.Build.0 = Release|Any CPU
		{29767674-889C-4E9D-B833-3DFC41ADDD6C}.Debug|Any CPU.ActiveCfg = Debug|Any CPU
		{29767674-889C-4E9D-B833-3DFC41ADDD6C}.Debug|Any CPU.Build.0 = Debug|Any CPU
		{29767674-889C-4E9D-B833-3DFC41ADDD6C}.Release|Any CPU.ActiveCfg = Release|Any CPU
		{29767674-889C-4E9D-B833-3DFC41ADDD6C}.Release|Any CPU.Build.0 = Release|Any CPU
		{13BAB594-E00C-498D-A06B-234B16EAC5E5}.Debug|Any CPU.ActiveCfg = Debug|Any CPU
		{13BAB594-E00C-498D-A06B-234B16EAC5E5}.Debug|Any CPU.Build.0 = Debug|Any CPU
		{13BAB594-E00C-498D-A06B-234B16EAC5E5}.Release|Any CPU.ActiveCfg = Release|Any CPU
		{13BAB594-E00C-498D-A06B-234B16EAC5E5}.Release|Any CPU.Build.0 = Release|Any CPU
		{57FD8C68-0601-42CB-B736-FC118A099482}.Debug|Any CPU.ActiveCfg = Debug|Any CPU
		{57FD8C68-0601-42CB-B736-FC118A099482}.Debug|Any CPU.Build.0 = Debug|Any CPU
		{57FD8C68-0601-42CB-B736-FC118A099482}.Release|Any CPU.ActiveCfg = Release|Any CPU
		{57FD8C68-0601-42CB-B736-FC118A099482}.Release|Any CPU.Build.0 = Release|Any CPU
	EndGlobalSection
	GlobalSection(SolutionProperties) = preSolution
		HideSolutionNode = FALSE
	EndGlobalSection
	GlobalSection(NestedProjects) = preSolution
		{2EB6BC03-BB22-4D5E-808E-7459E7781C4E} = {2F52FDC0-AB3B-4D61-A74B-E401CBA2A96B}
		{E2180E9B-ACF0-4E39-BC6E-24C4826E6A0A} = {BD94D18B-ACDF-4659-80FE-95E61850E4CC}
		{2AC14041-C218-4690-9C2D-167C7CF25843} = {A01CFF16-82C6-4076-9CF1-27B9682451BE}
		{1F6EDDBB-D730-4142-9D64-F2E3C2373752} = {A01CFF16-82C6-4076-9CF1-27B9682451BE}
		{FC6A5E9D-B303-4F96-B078-D6B15636780A} = {A63DE393-C64D-4E86-9E83-6F8FA788F9DF}
		{8DC8F619-CF40-4DA9-A075-BBB38F802D23} = {1980187D-666E-4242-8488-1F6F1712A74F}
		{D19807D3-DCB0-4AC5-ACB4-F95FF9D13179} = {A01CFF16-82C6-4076-9CF1-27B9682451BE}
		{29767674-889C-4E9D-B833-3DFC41ADDD6C} = {6DAC24A0-049C-4D90-BBEB-F4EEB2F4CA8F}
		{13BAB594-E00C-498D-A06B-234B16EAC5E5} = {6DAC24A0-049C-4D90-BBEB-F4EEB2F4CA8F}
		{57FD8C68-0601-42CB-B736-FC118A099482} = {A01CFF16-82C6-4076-9CF1-27B9682451BE}
	EndGlobalSection
	GlobalSection(ExtensibilityGlobals) = postSolution
		SolutionGuid = {4DDB3289-2997-4250-A3EF-62CEAB97C30A}
	EndGlobalSection
EndGlobal
