
Microsoft Visual Studio Solution File, Format Version 12.00
# Visual Studio Version 17
VisualStudioVersion = 17.3.32929.385
MinimumVisualStudioVersion = 10.0.40219.1
Project("{2150E333-8FDC-42A3-9474-1A3956D46DE8}") = "1.UI", "1.UI", "{A63DE393-C64D-4E86-9E83-6F8FA788F9DF}"
EndProject
Project("{2150E333-8FDC-42A3-9474-1A3956D46DE8}") = "2. Application", "2. Application", "{1980187D-666E-4242-8488-1F6F1712A74F}"
EndProject
Project("{2150E333-8FDC-42A3-9474-1A3956D46DE8}") = "3. Domain", "3. Domain", "{BD94D18B-ACDF-4659-80FE-95E61850E4CC}"
EndProject
Project("{2150E333-8FDC-42A3-9474-1A3956D46DE8}") = "4. Services", "4. Services", "{A01CFF16-82C6-4076-9CF1-27B9682451BE}"
EndProject
Project("{2150E333-8FDC-42A3-9474-1A3956D46DE8}") = "5. Tests", "5. Tests", "{6DAC24A0-049C-4D90-BBEB-F4EEB2F4CA8F}"
EndProject
Global
	GlobalSection(SolutionProperties) = preSolution
		HideSolutionNode = FALSE
	EndGlobalSection
	GlobalSection(ExtensibilityGlobals) = postSolution
		SolutionGuid = {4DDB3289-2997-4250-A3EF-62CEAB97C30A}
	EndGlobalSection
EndGlobal
